
Microsoft Visual Studio Solution File, Format Version 12.00
# Visual Studio Version 16
VisualStudioVersion = 16.0.30804.86
MinimumVisualStudioVersion = 10.0.40219.1
Project("{FAE04EC0-301F-11D3-BF4B-00C04F79EFBC}") = "WindowsFormsApp1", "WindowsFormsApp1\WindowsFormsApp1.csproj", "{A473874E-318E-4AE8-8BC8-0AFA2423079E}"
EndProject
Global
	GlobalSection(SolutionConfigurationPlatforms) = preSolution
		Debug|Any CPU = Debug|Any CPU
		Release|Any CPU = Release|Any CPU
	EndGlobalSection
	GlobalSection(ProjectConfigurationPlatforms) = postSolution
		{A473874E-318E-4AE8-8BC8-0AFA2423079E}.Debug|Any CPU.ActiveCfg = Debug|Any CPU
		{A473874E-318E-4AE8-8BC8-0AFA2423079E}.Debug|Any CPU.Build.0 = Debug|Any CPU
		{A473874E-318E-4AE8-8BC8-0AFA2423079E}.Release|Any CPU.ActiveCfg = Release|Any CPU
		{A473874E-318E-4AE8-8BC8-0AFA2423079E}.Release|Any CPU.Build.0 = Release|Any CPU
	EndGlobalSection
	GlobalSection(SolutionProperties) = preSolution
		HideSolutionNode = FALSE
	EndGlobalSection
	GlobalSection(ExtensibilityGlobals) = postSolution
		SolutionGuid = {94C51010-C947-4BAE-9C31-02C0F2B33849}
	EndGlobalSection
EndGlobal
